
Microsoft Visual Studio Solution File, Format Version 12.00
Project("{2150E333-8FDC-42A3-9474-1A3956D46DE8}") = "Solution Items", "Solution Items", "{27A2DA2B-E2A3-4204-80BE-1733B1563616}"
	ProjectSection(SolutionItems) = preProject
		.config\dotnet-tools.json = .config\dotnet-tools.json
		.editorconfig = .editorconfig
		.gitignore = .gitignore
		LICENSE = LICENSE
		README.md = README.md
	EndProjectSection
EndProject
Project("{2150E333-8FDC-42A3-9474-1A3956D46DE8}") = "GitHub Workflows", "GitHub Workflows", "{0BB6B932-26A7-4AF5-8B65-198BB1316D73}"
	ProjectSection(SolutionItems) = preProject
		.github\workflows\auto-gh-release.yml = .github\workflows\auto-gh-release.yml
	EndProjectSection
EndProject
Project("{2150E333-8FDC-42A3-9474-1A3956D46DE8}") = "Source", "Source", "{614D6B69-A5F4-4D9D-892E-E6607754F908}"
EndProject
Project("{2150E333-8FDC-42A3-9474-1A3956D46DE8}") = "Business", "Business", "{FB0BDE7A-B7C3-4B2E-A1E4-98323AD0AE0B}"
EndProject
Project("{2150E333-8FDC-42A3-9474-1A3956D46DE8}") = "Ports", "Ports", "{04BF1BA0-795B-467A-9053-9F464B6D598B}"
EndProject
Project("{2150E333-8FDC-42A3-9474-1A3956D46DE8}") = "Adapters", "Adapters", "{821AE3A5-B866-4074-81B2-F39CCBEACF48}"
EndProject
Project("{2150E333-8FDC-42A3-9474-1A3956D46DE8}") = "Servers", "Servers", "{1EC6CB9F-ECBC-4403-92CB-B0A060DC0688}"
EndProject
Project("{2150E333-8FDC-42A3-9474-1A3956D46DE8}") = "Testing", "Testing", "{7E6E109F-680D-4F24-9272-08B3F3A5005F}"
EndProject
Project("{2150E333-8FDC-42A3-9474-1A3956D46DE8}") = "Business", "Business", "{D41268C5-A1C0-458C-8FCA-A3AB8F31233E}"
EndProject
Project("{2150E333-8FDC-42A3-9474-1A3956D46DE8}") = "Ports", "Ports", "{F30BE880-4DB1-4001-BCCA-E4532437AD99}"
EndProject
Project("{2150E333-8FDC-42A3-9474-1A3956D46DE8}") = "Adapters", "Adapters", "{935836D5-3E9D-4412-AAE1-B8AD7156392B}"
EndProject
Project("{2150E333-8FDC-42A3-9474-1A3956D46DE8}") = "Servers", "Servers", "{C63924EA-FC93-4401-9AF5-19C20B69BF6F}"
EndProject
Project("{FAE04EC0-301F-11D3-BF4B-00C04F79EFBC}") = "OIDC.Core", "source\business\OIDC.Core\OIDC.Core.csproj", "{4416AD65-5C76-46BC-A711-DD20948DF4E2}"
EndProject
Project("{FAE04EC0-301F-11D3-BF4B-00C04F79EFBC}") = "OIDC.Infra.Common.Port", "source\ports\OIDC.Infra.Common.Port\OIDC.Infra.Common.Port.csproj", "{E95BD987-67DA-439D-917B-B9CA0B870994}"
EndProject
Project("{FAE04EC0-301F-11D3-BF4B-00C04F79EFBC}") = "OIDC.Infra.Common.Adapter", "source\adapters\OIDC.Infra.Common.Adapter\OIDC.Infra.Common.Adapter.csproj", "{E616D3B2-95AA-4FB1-B5C1-28AD1F6BCB20}"
EndProject
Project("{FAE04EC0-301F-11D3-BF4B-00C04F79EFBC}") = "OIDC.Infra.Store.Port", "source\ports\OIDC.Infra.Store.Port\OIDC.Infra.Store.Port.csproj", "{74D1970D-C606-4853-A7D6-1671FE3AD93E}"
EndProject
Project("{FAE04EC0-301F-11D3-BF4B-00C04F79EFBC}") = "OIDC.Infra.Store.Adapter", "source\adapters\OIDC.Infra.Store.Adapter\OIDC.Infra.Store.Adapter.csproj", "{B7FC6D98-52C8-482F-B371-AACBBF6C2639}"
EndProject
Project("{FAE04EC0-301F-11D3-BF4B-00C04F79EFBC}") = "OIDC.IdentityServer", "source\servers\OIDC.IdentityServer\OIDC.IdentityServer.csproj", "{0112ADF3-C657-470B-A4F3-D8887F030B8C}"
EndProject
Project("{FAE04EC0-301F-11D3-BF4B-00C04F79EFBC}") = "OIDC.ResourceServer", "source\servers\OIDC.ResourceServer\OIDC.ResourceServer.csproj", "{F8307043-3638-40B3-B2E6-6CB10C919789}"
EndProject
Project("{FAE04EC0-301F-11D3-BF4B-00C04F79EFBC}") = "OIDC.IdentityServer.Business", "source\business\OIDC.IdentityServer.Business\OIDC.IdentityServer.Business.csproj", "{5DFC9DF3-9DF4-4FF2-B2D5-F1D372404476}"
EndProject
Project("{FAE04EC0-301F-11D3-BF4B-00C04F79EFBC}") = "OIDC.ResourceServer.Business", "source\business\OIDC.ResourceServer.Business\OIDC.ResourceServer.Business.csproj", "{CFB322CE-8150-4520-A4D3-E91B75843964}"
EndProject
Global
	GlobalSection(SolutionConfigurationPlatforms) = preSolution
		Debug|Any CPU = Debug|Any CPU
		Release|Any CPU = Release|Any CPU
	EndGlobalSection
	GlobalSection(NestedProjects) = preSolution
		{0BB6B932-26A7-4AF5-8B65-198BB1316D73} = {27A2DA2B-E2A3-4204-80BE-1733B1563616}
		{FB0BDE7A-B7C3-4B2E-A1E4-98323AD0AE0B} = {614D6B69-A5F4-4D9D-892E-E6607754F908}
		{04BF1BA0-795B-467A-9053-9F464B6D598B} = {614D6B69-A5F4-4D9D-892E-E6607754F908}
		{821AE3A5-B866-4074-81B2-F39CCBEACF48} = {614D6B69-A5F4-4D9D-892E-E6607754F908}
		{1EC6CB9F-ECBC-4403-92CB-B0A060DC0688} = {614D6B69-A5F4-4D9D-892E-E6607754F908}
		{D41268C5-A1C0-458C-8FCA-A3AB8F31233E} = {7E6E109F-680D-4F24-9272-08B3F3A5005F}
		{F30BE880-4DB1-4001-BCCA-E4532437AD99} = {7E6E109F-680D-4F24-9272-08B3F3A5005F}
		{935836D5-3E9D-4412-AAE1-B8AD7156392B} = {7E6E109F-680D-4F24-9272-08B3F3A5005F}
		{C63924EA-FC93-4401-9AF5-19C20B69BF6F} = {7E6E109F-680D-4F24-9272-08B3F3A5005F}
		{4416AD65-5C76-46BC-A711-DD20948DF4E2} = {FB0BDE7A-B7C3-4B2E-A1E4-98323AD0AE0B}
		{E95BD987-67DA-439D-917B-B9CA0B870994} = {04BF1BA0-795B-467A-9053-9F464B6D598B}
		{E616D3B2-95AA-4FB1-B5C1-28AD1F6BCB20} = {821AE3A5-B866-4074-81B2-F39CCBEACF48}
		{74D1970D-C606-4853-A7D6-1671FE3AD93E} = {04BF1BA0-795B-467A-9053-9F464B6D598B}
		{B7FC6D98-52C8-482F-B371-AACBBF6C2639} = {821AE3A5-B866-4074-81B2-F39CCBEACF48}
		{0112ADF3-C657-470B-A4F3-D8887F030B8C} = {1EC6CB9F-ECBC-4403-92CB-B0A060DC0688}
		{F8307043-3638-40B3-B2E6-6CB10C919789} = {1EC6CB9F-ECBC-4403-92CB-B0A060DC0688}
		{5DFC9DF3-9DF4-4FF2-B2D5-F1D372404476} = {FB0BDE7A-B7C3-4B2E-A1E4-98323AD0AE0B}
		{CFB322CE-8150-4520-A4D3-E91B75843964} = {FB0BDE7A-B7C3-4B2E-A1E4-98323AD0AE0B}
	EndGlobalSection
	GlobalSection(ProjectConfigurationPlatforms) = postSolution
		{4416AD65-5C76-46BC-A711-DD20948DF4E2}.Debug|Any CPU.ActiveCfg = Debug|Any CPU
		{4416AD65-5C76-46BC-A711-DD20948DF4E2}.Debug|Any CPU.Build.0 = Debug|Any CPU
		{4416AD65-5C76-46BC-A711-DD20948DF4E2}.Release|Any CPU.ActiveCfg = Release|Any CPU
		{4416AD65-5C76-46BC-A711-DD20948DF4E2}.Release|Any CPU.Build.0 = Release|Any CPU
		{E95BD987-67DA-439D-917B-B9CA0B870994}.Debug|Any CPU.ActiveCfg = Debug|Any CPU
		{E95BD987-67DA-439D-917B-B9CA0B870994}.Debug|Any CPU.Build.0 = Debug|Any CPU
		{E95BD987-67DA-439D-917B-B9CA0B870994}.Release|Any CPU.ActiveCfg = Release|Any CPU
		{E95BD987-67DA-439D-917B-B9CA0B870994}.Release|Any CPU.Build.0 = Release|Any CPU
		{E616D3B2-95AA-4FB1-B5C1-28AD1F6BCB20}.Debug|Any CPU.ActiveCfg = Debug|Any CPU
		{E616D3B2-95AA-4FB1-B5C1-28AD1F6BCB20}.Debug|Any CPU.Build.0 = Debug|Any CPU
		{E616D3B2-95AA-4FB1-B5C1-28AD1F6BCB20}.Release|Any CPU.ActiveCfg = Release|Any CPU
		{E616D3B2-95AA-4FB1-B5C1-28AD1F6BCB20}.Release|Any CPU.Build.0 = Release|Any CPU
		{74D1970D-C606-4853-A7D6-1671FE3AD93E}.Debug|Any CPU.ActiveCfg = Debug|Any CPU
		{74D1970D-C606-4853-A7D6-1671FE3AD93E}.Debug|Any CPU.Build.0 = Debug|Any CPU
		{74D1970D-C606-4853-A7D6-1671FE3AD93E}.Release|Any CPU.ActiveCfg = Release|Any CPU
		{74D1970D-C606-4853-A7D6-1671FE3AD93E}.Release|Any CPU.Build.0 = Release|Any CPU
		{B7FC6D98-52C8-482F-B371-AACBBF6C2639}.Debug|Any CPU.ActiveCfg = Debug|Any CPU
		{B7FC6D98-52C8-482F-B371-AACBBF6C2639}.Debug|Any CPU.Build.0 = Debug|Any CPU
		{B7FC6D98-52C8-482F-B371-AACBBF6C2639}.Release|Any CPU.ActiveCfg = Release|Any CPU
		{B7FC6D98-52C8-482F-B371-AACBBF6C2639}.Release|Any CPU.Build.0 = Release|Any CPU
		{0112ADF3-C657-470B-A4F3-D8887F030B8C}.Debug|Any CPU.ActiveCfg = Debug|Any CPU
		{0112ADF3-C657-470B-A4F3-D8887F030B8C}.Debug|Any CPU.Build.0 = Debug|Any CPU
		{0112ADF3-C657-470B-A4F3-D8887F030B8C}.Release|Any CPU.ActiveCfg = Release|Any CPU
		{0112ADF3-C657-470B-A4F3-D8887F030B8C}.Release|Any CPU.Build.0 = Release|Any CPU
		{F8307043-3638-40B3-B2E6-6CB10C919789}.Debug|Any CPU.ActiveCfg = Debug|Any CPU
		{F8307043-3638-40B3-B2E6-6CB10C919789}.Debug|Any CPU.Build.0 = Debug|Any CPU
		{F8307043-3638-40B3-B2E6-6CB10C919789}.Release|Any CPU.ActiveCfg = Release|Any CPU
		{F8307043-3638-40B3-B2E6-6CB10C919789}.Release|Any CPU.Build.0 = Release|Any CPU
		{5DFC9DF3-9DF4-4FF2-B2D5-F1D372404476}.Debug|Any CPU.ActiveCfg = Debug|Any CPU
		{5DFC9DF3-9DF4-4FF2-B2D5-F1D372404476}.Debug|Any CPU.Build.0 = Debug|Any CPU
		{5DFC9DF3-9DF4-4FF2-B2D5-F1D372404476}.Release|Any CPU.ActiveCfg = Release|Any CPU
		{5DFC9DF3-9DF4-4FF2-B2D5-F1D372404476}.Release|Any CPU.Build.0 = Release|Any CPU
		{CFB322CE-8150-4520-A4D3-E91B75843964}.Debug|Any CPU.ActiveCfg = Debug|Any CPU
		{CFB322CE-8150-4520-A4D3-E91B75843964}.Debug|Any CPU.Build.0 = Debug|Any CPU
		{CFB322CE-8150-4520-A4D3-E91B75843964}.Release|Any CPU.ActiveCfg = Release|Any CPU
		{CFB322CE-8150-4520-A4D3-E91B75843964}.Release|Any CPU.Build.0 = Release|Any CPU
	EndGlobalSection
EndGlobal
