
Microsoft Visual Studio Solution File, Format Version 12.00
Project("{2150E333-8FDC-42A3-9474-1A3956D46DE8}") = "Solution Items", "Solution Items", "{27A2DA2B-E2A3-4204-80BE-1733B1563616}"
	ProjectSection(SolutionItems) = preProject
		.config\dotnet-tools.json = .config\dotnet-tools.json
		.editorconfig = .editorconfig
		.gitignore = .gitignore
		LICENSE = LICENSE
		README.md = README.md
	EndProjectSection
EndProject
Project("{2150E333-8FDC-42A3-9474-1A3956D46DE8}") = "GitHub Workflows", "GitHub Workflows", "{0BB6B932-26A7-4AF5-8B65-198BB1316D73}"
	ProjectSection(SolutionItems) = preProject
		.github\workflows\auto-gh-release.yml = .github\workflows\auto-gh-release.yml
	EndProjectSection
EndProject
Project("{2150E333-8FDC-42A3-9474-1A3956D46DE8}") = "Source", "Source", "{614D6B69-A5F4-4D9D-892E-E6607754F908}"
EndProject
Project("{2150E333-8FDC-42A3-9474-1A3956D46DE8}") = "Business", "Business", "{FB0BDE7A-B7C3-4B2E-A1E4-98323AD0AE0B}"
EndProject
Project("{2150E333-8FDC-42A3-9474-1A3956D46DE8}") = "Ports", "Ports", "{04BF1BA0-795B-467A-9053-9F464B6D598B}"
EndProject
Project("{2150E333-8FDC-42A3-9474-1A3956D46DE8}") = "Adapters", "Adapters", "{821AE3A5-B866-4074-81B2-F39CCBEACF48}"
EndProject
Project("{2150E333-8FDC-42A3-9474-1A3956D46DE8}") = "Servers", "Servers", "{1EC6CB9F-ECBC-4403-92CB-B0A060DC0688}"
EndProject
Project("{2150E333-8FDC-42A3-9474-1A3956D46DE8}") = "Testing", "Testing", "{7E6E109F-680D-4F24-9272-08B3F3A5005F}"
EndProject
Project("{2150E333-8FDC-42A3-9474-1A3956D46DE8}") = "Business", "Business", "{D41268C5-A1C0-458C-8FCA-A3AB8F31233E}"
EndProject
Project("{2150E333-8FDC-42A3-9474-1A3956D46DE8}") = "Ports", "Ports", "{F30BE880-4DB1-4001-BCCA-E4532437AD99}"
EndProject
Project("{2150E333-8FDC-42A3-9474-1A3956D46DE8}") = "Adapters", "Adapters", "{935836D5-3E9D-4412-AAE1-B8AD7156392B}"
EndProject
Project("{2150E333-8FDC-42A3-9474-1A3956D46DE8}") = "Servers", "Servers", "{C63924EA-FC93-4401-9AF5-19C20B69BF6F}"
EndProject
Global
	GlobalSection(SolutionConfigurationPlatforms) = preSolution
		Debug|Any CPU = Debug|Any CPU
		Release|Any CPU = Release|Any CPU
	EndGlobalSection
	GlobalSection(NestedProjects) = preSolution
		{0BB6B932-26A7-4AF5-8B65-198BB1316D73} = {27A2DA2B-E2A3-4204-80BE-1733B1563616}
		{FB0BDE7A-B7C3-4B2E-A1E4-98323AD0AE0B} = {614D6B69-A5F4-4D9D-892E-E6607754F908}
		{04BF1BA0-795B-467A-9053-9F464B6D598B} = {614D6B69-A5F4-4D9D-892E-E6607754F908}
		{821AE3A5-B866-4074-81B2-F39CCBEACF48} = {614D6B69-A5F4-4D9D-892E-E6607754F908}
		{1EC6CB9F-ECBC-4403-92CB-B0A060DC0688} = {614D6B69-A5F4-4D9D-892E-E6607754F908}
		{D41268C5-A1C0-458C-8FCA-A3AB8F31233E} = {7E6E109F-680D-4F24-9272-08B3F3A5005F}
		{F30BE880-4DB1-4001-BCCA-E4532437AD99} = {7E6E109F-680D-4F24-9272-08B3F3A5005F}
		{935836D5-3E9D-4412-AAE1-B8AD7156392B} = {7E6E109F-680D-4F24-9272-08B3F3A5005F}
		{C63924EA-FC93-4401-9AF5-19C20B69BF6F} = {7E6E109F-680D-4F24-9272-08B3F3A5005F}
	EndGlobalSection
EndGlobal
